
Microsoft Visual Studio Solution File, Format Version 12.00
# Visual Studio Version 17
VisualStudioVersion = 17.7.34221.43
MinimumVisualStudioVersion = 10.0.40219.1
Project("{9A19103F-16F7-4668-BE54-9A1E7A4F7556}") = "RaceBike", "RaceBike\RaceBike.csproj", "{56B7FA13-8B3D-4340-AEAE-D053DC3E6600}"
EndProject
Project("{9A19103F-16F7-4668-BE54-9A1E7A4F7556}") = "RaceBike.Test", "RaceBike.Test\RaceBike.Test.csproj", "{BED600D8-256C-4D2A-8E72-816BC6276F2C}"
EndProject
Project("{9A19103F-16F7-4668-BE54-9A1E7A4F7556}") = "RaceBike.View", "RaceBike.View\RaceBike.View.csproj", "{69F5183C-83AA-4453-88D4-1EF03005494E}"
EndProject
Project("{FAE04EC0-301F-11D3-BF4B-00C04F79EFBC}") = "RaceBike.ViewModel", "RaceBike.ViewModel\RaceBike.ViewModel.csproj", "{AF033411-BC40-4EAF-A298-372F963F5A33}"
EndProject
Global
	GlobalSection(SolutionConfigurationPlatforms) = preSolution
		Debug|Any CPU = Debug|Any CPU
		Release|Any CPU = Release|Any CPU
	EndGlobalSection
	GlobalSection(ProjectConfigurationPlatforms) = postSolution
		{56B7FA13-8B3D-4340-AEAE-D053DC3E6600}.Debug|Any CPU.ActiveCfg = Debug|Any CPU
		{56B7FA13-8B3D-4340-AEAE-D053DC3E6600}.Debug|Any CPU.Build.0 = Debug|Any CPU
		{56B7FA13-8B3D-4340-AEAE-D053DC3E6600}.Release|Any CPU.ActiveCfg = Release|Any CPU
		{56B7FA13-8B3D-4340-AEAE-D053DC3E6600}.Release|Any CPU.Build.0 = Release|Any CPU
		{BED600D8-256C-4D2A-8E72-816BC6276F2C}.Debug|Any CPU.ActiveCfg = Debug|Any CPU
		{BED600D8-256C-4D2A-8E72-816BC6276F2C}.Debug|Any CPU.Build.0 = Debug|Any CPU
		{BED600D8-256C-4D2A-8E72-816BC6276F2C}.Release|Any CPU.ActiveCfg = Release|Any CPU
		{BED600D8-256C-4D2A-8E72-816BC6276F2C}.Release|Any CPU.Build.0 = Release|Any CPU
		{69F5183C-83AA-4453-88D4-1EF03005494E}.Debug|Any CPU.ActiveCfg = Debug|Any CPU
		{69F5183C-83AA-4453-88D4-1EF03005494E}.Debug|Any CPU.Build.0 = Debug|Any CPU
		{69F5183C-83AA-4453-88D4-1EF03005494E}.Release|Any CPU.ActiveCfg = Release|Any CPU
		{69F5183C-83AA-4453-88D4-1EF03005494E}.Release|Any CPU.Build.0 = Release|Any CPU
		{AF033411-BC40-4EAF-A298-372F963F5A33}.Debug|Any CPU.ActiveCfg = Debug|Any CPU
		{AF033411-BC40-4EAF-A298-372F963F5A33}.Debug|Any CPU.Build.0 = Debug|Any CPU
		{AF033411-BC40-4EAF-A298-372F963F5A33}.Release|Any CPU.ActiveCfg = Release|Any CPU
		{AF033411-BC40-4EAF-A298-372F963F5A33}.Release|Any CPU.Build.0 = Release|Any CPU
	EndGlobalSection
	GlobalSection(SolutionProperties) = preSolution
		HideSolutionNode = FALSE
	EndGlobalSection
	GlobalSection(ExtensibilityGlobals) = postSolution
		SolutionGuid = {41989FCD-4350-4E90-8906-A54B7582D79A}
	EndGlobalSection
EndGlobal
